// !$*UTF8*$!
{
	archiveVersion = 1;
	classes = {
	};
	objectVersion = 56;
	objects = {

/* Begin PBXBuildFile section */
		555247202AFA9A670052EF94 /* AppDelegate.swift in Sources */ = {isa = PBXBuildFile; fileRef = 5552471F2AFA9A670052EF94 /* AppDelegate.swift */; };
		555247222AFA9A670052EF94 /* SceneDelegate.swift in Sources */ = {isa = PBXBuildFile; fileRef = 555247212AFA9A670052EF94 /* SceneDelegate.swift */; };
		555247242AFA9A670052EF94 /* ITunesViewController.swift in Sources */ = {isa = PBXBuildFile; fileRef = 555247232AFA9A670052EF94 /* ITunesViewController.swift */; };
		555247272AFA9A670052EF94 /* Main.storyboard in Resources */ = {isa = PBXBuildFile; fileRef = 555247252AFA9A670052EF94 /* Main.storyboard */; };
		555247292AFA9A680052EF94 /* Assets.xcassets in Resources */ = {isa = PBXBuildFile; fileRef = 555247282AFA9A680052EF94 /* Assets.xcassets */; };
		5552472C2AFA9A680052EF94 /* LaunchScreen.storyboard in Resources */ = {isa = PBXBuildFile; fileRef = 5552472A2AFA9A680052EF94 /* LaunchScreen.storyboard */; };
		555247352AFA9A840052EF94 /* RxCocoa in Frameworks */ = {isa = PBXBuildFile; productRef = 555247342AFA9A840052EF94 /* RxCocoa */; };
		555247372AFA9A840052EF94 /* RxRelay in Frameworks */ = {isa = PBXBuildFile; productRef = 555247362AFA9A840052EF94 /* RxRelay */; };
		555247392AFA9A840052EF94 /* RxSwift in Frameworks */ = {isa = PBXBuildFile; productRef = 555247382AFA9A840052EF94 /* RxSwift */; };
		5552473C2AFA9A8F0052EF94 /* SnapKit in Frameworks */ = {isa = PBXBuildFile; productRef = 5552473B2AFA9A8F0052EF94 /* SnapKit */; };
		5552473F2AFA9A9F0052EF94 /* JimmyKit in Frameworks */ = {isa = PBXBuildFile; productRef = 5552473E2AFA9A9F0052EF94 /* JimmyKit */; };
		555247412AFA9B4F0052EF94 /* ITunesView.swift in Sources */ = {isa = PBXBuildFile; fileRef = 555247402AFA9B4F0052EF94 /* ITunesView.swift */; };
		555247432AFA9FB90052EF94 /* ITunesTableViewCell.swift in Sources */ = {isa = PBXBuildFile; fileRef = 555247422AFA9FB90052EF94 /* ITunesTableViewCell.swift */; };
		555247452AFAA10B0052EF94 /* ITunesViewModel.swift in Sources */ = {isa = PBXBuildFile; fileRef = 555247442AFAA10B0052EF94 /* ITunesViewModel.swift */; };
		555247472AFAA13B0052EF94 /* ITunesService.swift in Sources */ = {isa = PBXBuildFile; fileRef = 555247462AFAA13B0052EF94 /* ITunesService.swift */; };
		5552474A2AFAA1530052EF94 /* Alamofire in Frameworks */ = {isa = PBXBuildFile; productRef = 555247492AFAA1530052EF94 /* Alamofire */; };
		5552474C2AFAA1940052EF94 /* ITunes.swift in Sources */ = {isa = PBXBuildFile; fileRef = 5552474B2AFAA1940052EF94 /* ITunes.swift */; };
		555247552AFBAE780052EF94 /* ITunesTest.json in Resources */ = {isa = PBXBuildFile; fileRef = 555247542AFBAE780052EF94 /* ITunesTest.json */; };
		555247582AFBBA8E0052EF94 /* RxDataSources in Frameworks */ = {isa = PBXBuildFile; productRef = 555247572AFBBA8E0052EF94 /* RxDataSources */; };
		5552475A2AFBBD520052EF94 /* Date+Extension.swift in Sources */ = {isa = PBXBuildFile; fileRef = 555247592AFBBD520052EF94 /* Date+Extension.swift */; };
		5552475D2AFBBE220052EF94 /* Kingfisher in Frameworks */ = {isa = PBXBuildFile; productRef = 5552475C2AFBBE220052EF94 /* Kingfisher */; };
		555247762AFCFB340052EF94 /* Then in Frameworks */ = {isa = PBXBuildFile; productRef = 555247752AFCFB340052EF94 /* Then */; };
/* End PBXBuildFile section */

/* Begin PBXFileReference section */
		5552471C2AFA9A670052EF94 /* iTunes Search API.app */ = {isa = PBXFileReference; explicitFileType = wrapper.application; includeInIndex = 0; path = "iTunes Search API.app"; sourceTree = BUILT_PRODUCTS_DIR; };
		5552471F2AFA9A670052EF94 /* AppDelegate.swift */ = {isa = PBXFileReference; lastKnownFileType = sourcecode.swift; path = AppDelegate.swift; sourceTree = "<group>"; };
		555247212AFA9A670052EF94 /* SceneDelegate.swift */ = {isa = PBXFileReference; lastKnownFileType = sourcecode.swift; path = SceneDelegate.swift; sourceTree = "<group>"; };
		555247232AFA9A670052EF94 /* ITunesViewController.swift */ = {isa = PBXFileReference; lastKnownFileType = sourcecode.swift; path = ITunesViewController.swift; sourceTree = "<group>"; };
		555247262AFA9A670052EF94 /* Base */ = {isa = PBXFileReference; lastKnownFileType = file.storyboard; name = Base; path = Base.lproj/Main.storyboard; sourceTree = "<group>"; };
		555247282AFA9A680052EF94 /* Assets.xcassets */ = {isa = PBXFileReference; lastKnownFileType = folder.assetcatalog; path = Assets.xcassets; sourceTree = "<group>"; };
		5552472B2AFA9A680052EF94 /* Base */ = {isa = PBXFileReference; lastKnownFileType = file.storyboard; name = Base; path = Base.lproj/LaunchScreen.storyboard; sourceTree = "<group>"; };
		5552472D2AFA9A680052EF94 /* Info.plist */ = {isa = PBXFileReference; lastKnownFileType = text.plist.xml; path = Info.plist; sourceTree = "<group>"; };
		555247402AFA9B4F0052EF94 /* ITunesView.swift */ = {isa = PBXFileReference; lastKnownFileType = sourcecode.swift; path = ITunesView.swift; sourceTree = "<group>"; };
		555247422AFA9FB90052EF94 /* ITunesTableViewCell.swift */ = {isa = PBXFileReference; lastKnownFileType = sourcecode.swift; path = ITunesTableViewCell.swift; sourceTree = "<group>"; };
		555247442AFAA10B0052EF94 /* ITunesViewModel.swift */ = {isa = PBXFileReference; lastKnownFileType = sourcecode.swift; path = ITunesViewModel.swift; sourceTree = "<group>"; };
		555247462AFAA13B0052EF94 /* ITunesService.swift */ = {isa = PBXFileReference; lastKnownFileType = sourcecode.swift; path = ITunesService.swift; sourceTree = "<group>"; };
		5552474B2AFAA1940052EF94 /* ITunes.swift */ = {isa = PBXFileReference; lastKnownFileType = sourcecode.swift; path = ITunes.swift; sourceTree = "<group>"; };
		555247542AFBAE780052EF94 /* ITunesTest.json */ = {isa = PBXFileReference; lastKnownFileType = text.json; path = ITunesTest.json; sourceTree = "<group>"; };
		555247592AFBBD520052EF94 /* Date+Extension.swift */ = {isa = PBXFileReference; fileEncoding = 4; lastKnownFileType = sourcecode.swift; path = "Date+Extension.swift"; sourceTree = "<group>"; };
/* End PBXFileReference section */

/* Begin PBXFrameworksBuildPhase section */
		555247192AFA9A670052EF94 /* Frameworks */ = {
			isa = PBXFrameworksBuildPhase;
			buildActionMask = 2147483647;
			files = (
				555247392AFA9A840052EF94 /* RxSwift in Frameworks */,
				555247762AFCFB340052EF94 /* Then in Frameworks */,
				5552473C2AFA9A8F0052EF94 /* SnapKit in Frameworks */,
				5552473F2AFA9A9F0052EF94 /* JimmyKit in Frameworks */,
				5552474A2AFAA1530052EF94 /* Alamofire in Frameworks */,
				5552475D2AFBBE220052EF94 /* Kingfisher in Frameworks */,
				555247582AFBBA8E0052EF94 /* RxDataSources in Frameworks */,
				555247372AFA9A840052EF94 /* RxRelay in Frameworks */,
				555247352AFA9A840052EF94 /* RxCocoa in Frameworks */,
			);
			runOnlyForDeploymentPostprocessing = 0;
		};
/* End PBXFrameworksBuildPhase section */

/* Begin PBXGroup section */
		555247132AFA9A670052EF94 = {
			isa = PBXGroup;
			children = (
				5552471E2AFA9A670052EF94 /* iTunes Search API */,
				5552471D2AFA9A670052EF94 /* Products */,
			);
			sourceTree = "<group>";
		};
		5552471D2AFA9A670052EF94 /* Products */ = {
			isa = PBXGroup;
			children = (
				5552471C2AFA9A670052EF94 /* iTunes Search API.app */,
			);
			name = Products;
			sourceTree = "<group>";
		};
		5552471E2AFA9A670052EF94 /* iTunes Search API */ = {
			isa = PBXGroup;
			children = (
				5552471F2AFA9A670052EF94 /* AppDelegate.swift */,
				555247212AFA9A670052EF94 /* SceneDelegate.swift */,
				555247252AFA9A670052EF94 /* Main.storyboard */,
				555247282AFA9A680052EF94 /* Assets.xcassets */,
				5552472A2AFA9A680052EF94 /* LaunchScreen.storyboard */,
				5552472D2AFA9A680052EF94 /* Info.plist */,
				555247592AFBBD520052EF94 /* Date+Extension.swift */,
				5552475F2AFBD42D0052EF94 /* ITunes */,
			);
			path = "iTunes Search API";
			sourceTree = "<group>";
		};
		5552475F2AFBD42D0052EF94 /* ITunes */ = {
			isa = PBXGroup;
			children = (
				555247232AFA9A670052EF94 /* ITunesViewController.swift */,
				555247402AFA9B4F0052EF94 /* ITunesView.swift */,
				555247422AFA9FB90052EF94 /* ITunesTableViewCell.swift */,
				555247442AFAA10B0052EF94 /* ITunesViewModel.swift */,
				555247462AFAA13B0052EF94 /* ITunesService.swift */,
				5552474B2AFAA1940052EF94 /* ITunes.swift */,
				555247542AFBAE780052EF94 /* ITunesTest.json */,
			);
			path = ITunes;
			sourceTree = "<group>";
		};
/* End PBXGroup section */

/* Begin PBXNativeTarget section */
		5552471B2AFA9A670052EF94 /* iTunes Search API */ = {
			isa = PBXNativeTarget;
			buildConfigurationList = 555247302AFA9A680052EF94 /* Build configuration list for PBXNativeTarget "iTunes Search API" */;
			buildPhases = (
				555247182AFA9A670052EF94 /* Sources */,
				555247192AFA9A670052EF94 /* Frameworks */,
				5552471A2AFA9A670052EF94 /* Resources */,
			);
			buildRules = (
			);
			dependencies = (
			);
			name = "iTunes Search API";
			packageProductDependencies = (
				555247342AFA9A840052EF94 /* RxCocoa */,
				555247362AFA9A840052EF94 /* RxRelay */,
				555247382AFA9A840052EF94 /* RxSwift */,
				5552473B2AFA9A8F0052EF94 /* SnapKit */,
				5552473E2AFA9A9F0052EF94 /* JimmyKit */,
				555247492AFAA1530052EF94 /* Alamofire */,
				555247572AFBBA8E0052EF94 /* RxDataSources */,
				5552475C2AFBBE220052EF94 /* Kingfisher */,
				555247752AFCFB340052EF94 /* Then */,
			);
			productName = "iTunes Search API";
			productReference = 5552471C2AFA9A670052EF94 /* iTunes Search API.app */;
			productType = "com.apple.product-type.application";
		};
/* End PBXNativeTarget section */

/* Begin PBXProject section */
		555247142AFA9A670052EF94 /* Project object */ = {
			isa = PBXProject;
			attributes = {
				BuildIndependentTargetsInParallel = 1;
				LastSwiftUpdateCheck = 1430;
				LastUpgradeCheck = 1430;
				TargetAttributes = {
					5552471B2AFA9A670052EF94 = {
						CreatedOnToolsVersion = 14.3.1;
					};
				};
			};
			buildConfigurationList = 555247172AFA9A670052EF94 /* Build configuration list for PBXProject "iTunes Search API" */;
			compatibilityVersion = "Xcode 14.0";
			developmentRegion = en;
			hasScannedForEncodings = 0;
			knownRegions = (
				en,
				Base,
			);
			mainGroup = 555247132AFA9A670052EF94;
			packageReferences = (
				555247332AFA9A840052EF94 /* XCRemoteSwiftPackageReference "RxSwift" */,
				5552473A2AFA9A8F0052EF94 /* XCRemoteSwiftPackageReference "SnapKit" */,
				5552473D2AFA9A9F0052EF94 /* XCRemoteSwiftPackageReference "JimmyKit" */,
				555247482AFAA1530052EF94 /* XCRemoteSwiftPackageReference "Alamofire" */,
				555247562AFBBA8E0052EF94 /* XCRemoteSwiftPackageReference "RxDataSources" */,
				5552475B2AFBBE220052EF94 /* XCRemoteSwiftPackageReference "Kingfisher" */,
				555247742AFCFB340052EF94 /* XCRemoteSwiftPackageReference "Then" */,
			);
			productRefGroup = 5552471D2AFA9A670052EF94 /* Products */;
			projectDirPath = "";
			projectRoot = "";
			targets = (
				5552471B2AFA9A670052EF94 /* iTunes Search API */,
			);
		};
/* End PBXProject section */

/* Begin PBXResourcesBuildPhase section */
		5552471A2AFA9A670052EF94 /* Resources */ = {
			isa = PBXResourcesBuildPhase;
			buildActionMask = 2147483647;
			files = (
				5552472C2AFA9A680052EF94 /* LaunchScreen.storyboard in Resources */,
				555247292AFA9A680052EF94 /* Assets.xcassets in Resources */,
				555247272AFA9A670052EF94 /* Main.storyboard in Resources */,
				555247552AFBAE780052EF94 /* ITunesTest.json in Resources */,
			);
			runOnlyForDeploymentPostprocessing = 0;
		};
/* End PBXResourcesBuildPhase section */

/* Begin PBXSourcesBuildPhase section */
		555247182AFA9A670052EF94 /* Sources */ = {
			isa = PBXSourcesBuildPhase;
			buildActionMask = 2147483647;
			files = (
				555247242AFA9A670052EF94 /* ITunesViewController.swift in Sources */,
				555247202AFA9A670052EF94 /* AppDelegate.swift in Sources */,
				555247412AFA9B4F0052EF94 /* ITunesView.swift in Sources */,
				555247472AFAA13B0052EF94 /* ITunesService.swift in Sources */,
				555247432AFA9FB90052EF94 /* ITunesTableViewCell.swift in Sources */,
				555247452AFAA10B0052EF94 /* ITunesViewModel.swift in Sources */,
				555247222AFA9A670052EF94 /* SceneDelegate.swift in Sources */,
				5552474C2AFAA1940052EF94 /* ITunes.swift in Sources */,
				5552475A2AFBBD520052EF94 /* Date+Extension.swift in Sources */,
			);
			runOnlyForDeploymentPostprocessing = 0;
		};
/* End PBXSourcesBuildPhase section */

/* Begin PBXVariantGroup section */
		555247252AFA9A670052EF94 /* Main.storyboard */ = {
			isa = PBXVariantGroup;
			children = (
				555247262AFA9A670052EF94 /* Base */,
			);
			name = Main.storyboard;
			sourceTree = "<group>";
		};
		5552472A2AFA9A680052EF94 /* LaunchScreen.storyboard */ = {
			isa = PBXVariantGroup;
			children = (
				5552472B2AFA9A680052EF94 /* Base */,
			);
			name = LaunchScreen.storyboard;
			sourceTree = "<group>";
		};
/* End PBXVariantGroup section */

/* Begin XCBuildConfiguration section */
		5552472E2AFA9A680052EF94 /* Debug */ = {
			isa = XCBuildConfiguration;
			buildSettings = {
				ALWAYS_SEARCH_USER_PATHS = NO;
				CLANG_ANALYZER_NONNULL = YES;
				CLANG_ANALYZER_NUMBER_OBJECT_CONVERSION = YES_AGGRESSIVE;
				CLANG_CXX_LANGUAGE_STANDARD = "gnu++20";
				CLANG_ENABLE_MODULES = YES;
				CLANG_ENABLE_OBJC_ARC = YES;
				CLANG_ENABLE_OBJC_WEAK = YES;
				CLANG_WARN_BLOCK_CAPTURE_AUTORELEASING = YES;
				CLANG_WARN_BOOL_CONVERSION = YES;
				CLANG_WARN_COMMA = YES;
				CLANG_WARN_CONSTANT_CONVERSION = YES;
				CLANG_WARN_DEPRECATED_OBJC_IMPLEMENTATIONS = YES;
				CLANG_WARN_DIRECT_OBJC_ISA_USAGE = YES_ERROR;
				CLANG_WARN_DOCUMENTATION_COMMENTS = YES;
				CLANG_WARN_EMPTY_BODY = YES;
				CLANG_WARN_ENUM_CONVERSION = YES;
				CLANG_WARN_INFINITE_RECURSION = YES;
				CLANG_WARN_INT_CONVERSION = YES;
				CLANG_WARN_NON_LITERAL_NULL_CONVERSION = YES;
				CLANG_WARN_OBJC_IMPLICIT_RETAIN_SELF = YES;
				CLANG_WARN_OBJC_LITERAL_CONVERSION = YES;
				CLANG_WARN_OBJC_ROOT_CLASS = YES_ERROR;
				CLANG_WARN_QUOTED_INCLUDE_IN_FRAMEWORK_HEADER = YES;
				CLANG_WARN_RANGE_LOOP_ANALYSIS = YES;
				CLANG_WARN_STRICT_PROTOTYPES = YES;
				CLANG_WARN_SUSPICIOUS_MOVE = YES;
				CLANG_WARN_UNGUARDED_AVAILABILITY = YES_AGGRESSIVE;
				CLANG_WARN_UNREACHABLE_CODE = YES;
				CLANG_WARN__DUPLICATE_METHOD_MATCH = YES;
				COPY_PHASE_STRIP = NO;
				DEBUG_INFORMATION_FORMAT = dwarf;
				ENABLE_STRICT_OBJC_MSGSEND = YES;
				ENABLE_TESTABILITY = YES;
				GCC_C_LANGUAGE_STANDARD = gnu11;
				GCC_DYNAMIC_NO_PIC = NO;
				GCC_NO_COMMON_BLOCKS = YES;
				GCC_OPTIMIZATION_LEVEL = 0;
				GCC_PREPROCESSOR_DEFINITIONS = (
					"DEBUG=1",
					"$(inherited)",
				);
				GCC_WARN_64_TO_32_BIT_CONVERSION = YES;
				GCC_WARN_ABOUT_RETURN_TYPE = YES_ERROR;
				GCC_WARN_UNDECLARED_SELECTOR = YES;
				GCC_WARN_UNINITIALIZED_AUTOS = YES_AGGRESSIVE;
				GCC_WARN_UNUSED_FUNCTION = YES;
				GCC_WARN_UNUSED_VARIABLE = YES;
				IPHONEOS_DEPLOYMENT_TARGET = 16.4;
				MTL_ENABLE_DEBUG_INFO = INCLUDE_SOURCE;
				MTL_FAST_MATH = YES;
				ONLY_ACTIVE_ARCH = YES;
				SDKROOT = iphoneos;
				SWIFT_ACTIVE_COMPILATION_CONDITIONS = DEBUG;
				SWIFT_OPTIMIZATION_LEVEL = "-Onone";
			};
			name = Debug;
		};
		5552472F2AFA9A680052EF94 /* Release */ = {
			isa = XCBuildConfiguration;
			buildSettings = {
				ALWAYS_SEARCH_USER_PATHS = NO;
				CLANG_ANALYZER_NONNULL = YES;
				CLANG_ANALYZER_NUMBER_OBJECT_CONVERSION = YES_AGGRESSIVE;
				CLANG_CXX_LANGUAGE_STANDARD = "gnu++20";
				CLANG_ENABLE_MODULES = YES;
				CLANG_ENABLE_OBJC_ARC = YES;
				CLANG_ENABLE_OBJC_WEAK = YES;
				CLANG_WARN_BLOCK_CAPTURE_AUTORELEASING = YES;
				CLANG_WARN_BOOL_CONVERSION = YES;
				CLANG_WARN_COMMA = YES;
				CLANG_WARN_CONSTANT_CONVERSION = YES;
				CLANG_WARN_DEPRECATED_OBJC_IMPLEMENTATIONS = YES;
				CLANG_WARN_DIRECT_OBJC_ISA_USAGE = YES_ERROR;
				CLANG_WARN_DOCUMENTATION_COMMENTS = YES;
				CLANG_WARN_EMPTY_BODY = YES;
				CLANG_WARN_ENUM_CONVERSION = YES;
				CLANG_WARN_INFINITE_RECURSION = YES;
				CLANG_WARN_INT_CONVERSION = YES;
				CLANG_WARN_NON_LITERAL_NULL_CONVERSION = YES;
				CLANG_WARN_OBJC_IMPLICIT_RETAIN_SELF = YES;
				CLANG_WARN_OBJC_LITERAL_CONVERSION = YES;
				CLANG_WARN_OBJC_ROOT_CLASS = YES_ERROR;
				CLANG_WARN_QUOTED_INCLUDE_IN_FRAMEWORK_HEADER = YES;
				CLANG_WARN_RANGE_LOOP_ANALYSIS = YES;
				CLANG_WARN_STRICT_PROTOTYPES = YES;
				CLANG_WARN_SUSPICIOUS_MOVE = YES;
				CLANG_WARN_UNGUARDED_AVAILABILITY = YES_AGGRESSIVE;
				CLANG_WARN_UNREACHABLE_CODE = YES;
				CLANG_WARN__DUPLICATE_METHOD_MATCH = YES;
				COPY_PHASE_STRIP = NO;
				DEBUG_INFORMATION_FORMAT = "dwarf-with-dsym";
				ENABLE_NS_ASSERTIONS = NO;
				ENABLE_STRICT_OBJC_MSGSEND = YES;
				GCC_C_LANGUAGE_STANDARD = gnu11;
				GCC_NO_COMMON_BLOCKS = YES;
				GCC_WARN_64_TO_32_BIT_CONVERSION = YES;
				GCC_WARN_ABOUT_RETURN_TYPE = YES_ERROR;
				GCC_WARN_UNDECLARED_SELECTOR = YES;
				GCC_WARN_UNINITIALIZED_AUTOS = YES_AGGRESSIVE;
				GCC_WARN_UNUSED_FUNCTION = YES;
				GCC_WARN_UNUSED_VARIABLE = YES;
				IPHONEOS_DEPLOYMENT_TARGET = 16.4;
				MTL_ENABLE_DEBUG_INFO = NO;
				MTL_FAST_MATH = YES;
				SDKROOT = iphoneos;
				SWIFT_COMPILATION_MODE = wholemodule;
				SWIFT_OPTIMIZATION_LEVEL = "-O";
				VALIDATE_PRODUCT = YES;
			};
			name = Release;
		};
		555247312AFA9A680052EF94 /* Debug */ = {
			isa = XCBuildConfiguration;
			buildSettings = {
				ASSETCATALOG_COMPILER_APPICON_NAME = AppIcon;
				ASSETCATALOG_COMPILER_GLOBAL_ACCENT_COLOR_NAME = AccentColor;
				CODE_SIGN_STYLE = Automatic;
				CURRENT_PROJECT_VERSION = 1;
				DEVELOPMENT_TEAM = VJ2VF4KUF7;
				GENERATE_INFOPLIST_FILE = YES;
				INFOPLIST_FILE = "iTunes Search API/Info.plist";
				INFOPLIST_KEY_UIApplicationSupportsIndirectInputEvents = YES;
				INFOPLIST_KEY_UILaunchStoryboardName = LaunchScreen;
				INFOPLIST_KEY_UIMainStoryboardFile = Main;
				INFOPLIST_KEY_UISupportedInterfaceOrientations_iPad = "UIInterfaceOrientationPortrait UIInterfaceOrientationPortraitUpsideDown UIInterfaceOrientationLandscapeLeft UIInterfaceOrientationLandscapeRight";
				INFOPLIST_KEY_UISupportedInterfaceOrientations_iPhone = "UIInterfaceOrientationPortrait UIInterfaceOrientationLandscapeLeft UIInterfaceOrientationLandscapeRight";
				LD_RUNPATH_SEARCH_PATHS = (
					"$(inherited)",
					"@executable_path/Frameworks",
				);
				MARKETING_VERSION = 1.0;
				PRODUCT_BUNDLE_IDENTIFIER = "com.Jimmy.iTunes-Search-API";
				PRODUCT_NAME = "$(TARGET_NAME)";
				SWIFT_EMIT_LOC_STRINGS = YES;
				SWIFT_VERSION = 5.0;
				TARGETED_DEVICE_FAMILY = "1,2";
			};
			name = Debug;
		};
		555247322AFA9A680052EF94 /* Release */ = {
			isa = XCBuildConfiguration;
			buildSettings = {
				ASSETCATALOG_COMPILER_APPICON_NAME = AppIcon;
				ASSETCATALOG_COMPILER_GLOBAL_ACCENT_COLOR_NAME = AccentColor;
				CODE_SIGN_STYLE = Automatic;
				CURRENT_PROJECT_VERSION = 1;
				DEVELOPMENT_TEAM = VJ2VF4KUF7;
				GENERATE_INFOPLIST_FILE = YES;
				INFOPLIST_FILE = "iTunes Search API/Info.plist";
				INFOPLIST_KEY_UIApplicationSupportsIndirectInputEvents = YES;
				INFOPLIST_KEY_UILaunchStoryboardName = LaunchScreen;
				INFOPLIST_KEY_UIMainStoryboardFile = Main;
				INFOPLIST_KEY_UISupportedInterfaceOrientations_iPad = "UIInterfaceOrientationPortrait UIInterfaceOrientationPortraitUpsideDown UIInterfaceOrientationLandscapeLeft UIInterfaceOrientationLandscapeRight";
				INFOPLIST_KEY_UISupportedInterfaceOrientations_iPhone = "UIInterfaceOrientationPortrait UIInterfaceOrientationLandscapeLeft UIInterfaceOrientationLandscapeRight";
				LD_RUNPATH_SEARCH_PATHS = (
					"$(inherited)",
					"@executable_path/Frameworks",
				);
				MARKETING_VERSION = 1.0;
				PRODUCT_BUNDLE_IDENTIFIER = "com.Jimmy.iTunes-Search-API";
				PRODUCT_NAME = "$(TARGET_NAME)";
				SWIFT_EMIT_LOC_STRINGS = YES;
				SWIFT_VERSION = 5.0;
				TARGETED_DEVICE_FAMILY = "1,2";
			};
			name = Release;
		};
/* End XCBuildConfiguration section */

/* Begin XCConfigurationList section */
		555247172AFA9A670052EF94 /* Build configuration list for PBXProject "iTunes Search API" */ = {
			isa = XCConfigurationList;
			buildConfigurations = (
				5552472E2AFA9A680052EF94 /* Debug */,
				5552472F2AFA9A680052EF94 /* Release */,
			);
			defaultConfigurationIsVisible = 0;
			defaultConfigurationName = Release;
		};
		555247302AFA9A680052EF94 /* Build configuration list for PBXNativeTarget "iTunes Search API" */ = {
			isa = XCConfigurationList;
			buildConfigurations = (
				555247312AFA9A680052EF94 /* Debug */,
				555247322AFA9A680052EF94 /* Release */,
			);
			defaultConfigurationIsVisible = 0;
			defaultConfigurationName = Release;
		};
/* End XCConfigurationList section */

/* Begin XCRemoteSwiftPackageReference section */
		555247332AFA9A840052EF94 /* XCRemoteSwiftPackageReference "RxSwift" */ = {
			isa = XCRemoteSwiftPackageReference;
			repositoryURL = "https://github.com/ReactiveX/RxSwift.git";
			requirement = {
				kind = upToNextMajorVersion;
				minimumVersion = 6.0.0;
			};
		};
		5552473A2AFA9A8F0052EF94 /* XCRemoteSwiftPackageReference "SnapKit" */ = {
			isa = XCRemoteSwiftPackageReference;
			repositoryURL = "https://github.com/SnapKit/SnapKit.git";
			requirement = {
				kind = upToNextMajorVersion;
				minimumVersion = 5.0.0;
			};
		};
		5552473D2AFA9A9F0052EF94 /* XCRemoteSwiftPackageReference "JimmyKit" */ = {
			isa = XCRemoteSwiftPackageReference;
			repositoryURL = "https://github.com/Jimmy-Jung/JimmyKit";
			requirement = {
				kind = upToNextMajorVersion;
				minimumVersion = 1.0.0;
			};
		};
		555247482AFAA1530052EF94 /* XCRemoteSwiftPackageReference "Alamofire" */ = {
			isa = XCRemoteSwiftPackageReference;
			repositoryURL = "https://github.com/Alamofire/Alamofire.git";
			requirement = {
				kind = upToNextMajorVersion;
				minimumVersion = 5.0.0;
			};
		};
		555247562AFBBA8E0052EF94 /* XCRemoteSwiftPackageReference "RxDataSources" */ = {
			isa = XCRemoteSwiftPackageReference;
			repositoryURL = "https://github.com/RxSwiftCommunity/RxDataSources.git";
			requirement = {
				kind = upToNextMajorVersion;
				minimumVersion = 5.0.0;
			};
		};
		5552475B2AFBBE220052EF94 /* XCRemoteSwiftPackageReference "Kingfisher" */ = {
			isa = XCRemoteSwiftPackageReference;
			repositoryURL = "https://github.com/onevcat/Kingfisher.git";
			requirement = {
				kind = upToNextMajorVersion;
				minimumVersion = 7.0.0;
			};
		};
		555247742AFCFB340052EF94 /* XCRemoteSwiftPackageReference "Then" */ = {
			isa = XCRemoteSwiftPackageReference;
			repositoryURL = "https://github.com/devxoul/Then.git";
			requirement = {
				kind = upToNextMajorVersion;
				minimumVersion = 3.0.0;
			};
		};
/* End XCRemoteSwiftPackageReference section */

/* Begin XCSwiftPackageProductDependency section */
		555247342AFA9A840052EF94 /* RxCocoa */ = {
			isa = XCSwiftPackageProductDependency;
			package = 555247332AFA9A840052EF94 /* XCRemoteSwiftPackageReference "RxSwift" */;
			productName = RxCocoa;
		};
		555247362AFA9A840052EF94 /* RxRelay */ = {
			isa = XCSwiftPackageProductDependency;
			package = 555247332AFA9A840052EF94 /* XCRemoteSwiftPackageReference "RxSwift" */;
			productName = RxRelay;
		};
		555247382AFA9A840052EF94 /* RxSwift */ = {
			isa = XCSwiftPackageProductDependency;
			package = 555247332AFA9A840052EF94 /* XCRemoteSwiftPackageReference "RxSwift" */;
			productName = RxSwift;
		};
		5552473B2AFA9A8F0052EF94 /* SnapKit */ = {
			isa = XCSwiftPackageProductDependency;
			package = 5552473A2AFA9A8F0052EF94 /* XCRemoteSwiftPackageReference "SnapKit" */;
			productName = SnapKit;
		};
		5552473E2AFA9A9F0052EF94 /* JimmyKit */ = {
			isa = XCSwiftPackageProductDependency;
			package = 5552473D2AFA9A9F0052EF94 /* XCRemoteSwiftPackageReference "JimmyKit" */;
			productName = JimmyKit;
		};
		555247492AFAA1530052EF94 /* Alamofire */ = {
			isa = XCSwiftPackageProductDependency;
			package = 555247482AFAA1530052EF94 /* XCRemoteSwiftPackageReference "Alamofire" */;
			productName = Alamofire;
		};
		555247572AFBBA8E0052EF94 /* RxDataSources */ = {
			isa = XCSwiftPackageProductDependency;
			package = 555247562AFBBA8E0052EF94 /* XCRemoteSwiftPackageReference "RxDataSources" */;
			productName = RxDataSources;
		};
		5552475C2AFBBE220052EF94 /* Kingfisher */ = {
			isa = XCSwiftPackageProductDependency;
			package = 5552475B2AFBBE220052EF94 /* XCRemoteSwiftPackageReference "Kingfisher" */;
			productName = Kingfisher;
		};
		555247752AFCFB340052EF94 /* Then */ = {
			isa = XCSwiftPackageProductDependency;
			package = 555247742AFCFB340052EF94 /* XCRemoteSwiftPackageReference "Then" */;
			productName = Then;
		};
/* End XCSwiftPackageProductDependency section */
	};
	rootObject = 555247142AFA9A670052EF94 /* Project object */;
}
